
Microsoft Visual Studio Solution File, Format Version 12.00
# Visual Studio Version 16
VisualStudioVersion = 16.0.30114.105
MinimumVisualStudioVersion = 10.0.40219.1
Project("{FAE04EC0-301F-11D3-BF4B-00C04F79EFBC}") = "webapp", "webapp\webapp.csproj", "{E9E64811-2394-4303-9EEB-06F0EFEE47DD}"
EndProject
Project("{2150E333-8FDC-42A3-9474-1A3956D46DE8}") = "services", "services", "{376D1755-2FD7-4A1F-BECE-A0B240B187AC}"
EndProject
Project("{FAE04EC0-301F-11D3-BF4B-00C04F79EFBC}") = "emaillib", "services\emaillib\emaillib.csproj", "{93D5AD55-EA68-4B15-B509-3D1C7D726043}"
EndProject
Project("{FAE04EC0-301F-11D3-BF4B-00C04F79EFBC}") = "noaalib", "services\noaalib\noaalib.csproj", "{7461A7BB-C400-4E73-B45C-DC6BEF2C4E2D}"
EndProject
Project("{FAE04EC0-301F-11D3-BF4B-00C04F79EFBC}") = "tests", "tests\tests.csproj", "{40664DE5-D15B-44EF-8393-28A01730E48D}"
EndProject
Global
	GlobalSection(SolutionConfigurationPlatforms) = preSolution
		Debug|Any CPU = Debug|Any CPU
		Release|Any CPU = Release|Any CPU
	EndGlobalSection
	GlobalSection(SolutionProperties) = preSolution
		HideSolutionNode = FALSE
	EndGlobalSection
	GlobalSection(ProjectConfigurationPlatforms) = postSolution
		{E9E64811-2394-4303-9EEB-06F0EFEE47DD}.Debug|Any CPU.ActiveCfg = Debug|Any CPU
		{E9E64811-2394-4303-9EEB-06F0EFEE47DD}.Debug|Any CPU.Build.0 = Debug|Any CPU
		{E9E64811-2394-4303-9EEB-06F0EFEE47DD}.Release|Any CPU.ActiveCfg = Release|Any CPU
		{E9E64811-2394-4303-9EEB-06F0EFEE47DD}.Release|Any CPU.Build.0 = Release|Any CPU
		{93D5AD55-EA68-4B15-B509-3D1C7D726043}.Debug|Any CPU.ActiveCfg = Debug|Any CPU
		{93D5AD55-EA68-4B15-B509-3D1C7D726043}.Debug|Any CPU.Build.0 = Debug|Any CPU
		{93D5AD55-EA68-4B15-B509-3D1C7D726043}.Release|Any CPU.ActiveCfg = Release|Any CPU
		{93D5AD55-EA68-4B15-B509-3D1C7D726043}.Release|Any CPU.Build.0 = Release|Any CPU
		{7461A7BB-C400-4E73-B45C-DC6BEF2C4E2D}.Debug|Any CPU.ActiveCfg = Debug|Any CPU
		{7461A7BB-C400-4E73-B45C-DC6BEF2C4E2D}.Debug|Any CPU.Build.0 = Debug|Any CPU
		{7461A7BB-C400-4E73-B45C-DC6BEF2C4E2D}.Release|Any CPU.ActiveCfg = Release|Any CPU
		{7461A7BB-C400-4E73-B45C-DC6BEF2C4E2D}.Release|Any CPU.Build.0 = Release|Any CPU
		{40664DE5-D15B-44EF-8393-28A01730E48D}.Debug|Any CPU.ActiveCfg = Debug|Any CPU
		{40664DE5-D15B-44EF-8393-28A01730E48D}.Debug|Any CPU.Build.0 = Debug|Any CPU
		{40664DE5-D15B-44EF-8393-28A01730E48D}.Release|Any CPU.ActiveCfg = Release|Any CPU
		{40664DE5-D15B-44EF-8393-28A01730E48D}.Release|Any CPU.Build.0 = Release|Any CPU
	EndGlobalSection
	GlobalSection(NestedProjects) = preSolution
		{93D5AD55-EA68-4B15-B509-3D1C7D726043} = {376D1755-2FD7-4A1F-BECE-A0B240B187AC}
		{7461A7BB-C400-4E73-B45C-DC6BEF2C4E2D} = {376D1755-2FD7-4A1F-BECE-A0B240B187AC}
	EndGlobalSection
EndGlobal
