
Microsoft Visual Studio Solution File, Format Version 12.00
# Visual Studio Version 17
VisualStudioVersion = 17.0.31903.59
MinimumVisualStudioVersion = 10.0.40219.1
Project("{FAE04EC0-301F-11D3-BF4B-00C04F79EFBC}") = "Api", "Api\Api.csproj", "{D23CEB0E-92D5-4D15-9BE9-043F15778004}"
EndProject
Project("{FAE04EC0-301F-11D3-BF4B-00C04F79EFBC}") = "Services", "Services\Services.csproj", "{A94A699E-2D35-4132-ACA5-CA9D195949AA}"
EndProject
Project("{FAE04EC0-301F-11D3-BF4B-00C04F79EFBC}") = "App", "App\App.csproj", "{EDF2AEE9-0F34-493A-BE41-234B999EFE72}"
EndProject
Project("{FAE04EC0-301F-11D3-BF4B-00C04F79EFBC}") = "Tests", "Tests\Tests.csproj", "{3BC0D301-F7E5-44B9-9BC6-C4CF1E481760}"
EndProject
Global
	GlobalSection(SolutionConfigurationPlatforms) = preSolution
		Debug|Any CPU = Debug|Any CPU
		Release|Any CPU = Release|Any CPU
	EndGlobalSection
	GlobalSection(SolutionProperties) = preSolution
		HideSolutionNode = FALSE
	EndGlobalSection
	GlobalSection(ProjectConfigurationPlatforms) = postSolution
		{D23CEB0E-92D5-4D15-9BE9-043F15778004}.Debug|Any CPU.ActiveCfg = Debug|Any CPU
		{D23CEB0E-92D5-4D15-9BE9-043F15778004}.Debug|Any CPU.Build.0 = Debug|Any CPU
		{D23CEB0E-92D5-4D15-9BE9-043F15778004}.Release|Any CPU.ActiveCfg = Release|Any CPU
		{D23CEB0E-92D5-4D15-9BE9-043F15778004}.Release|Any CPU.Build.0 = Release|Any CPU
		{A94A699E-2D35-4132-ACA5-CA9D195949AA}.Debug|Any CPU.ActiveCfg = Debug|Any CPU
		{A94A699E-2D35-4132-ACA5-CA9D195949AA}.Debug|Any CPU.Build.0 = Debug|Any CPU
		{A94A699E-2D35-4132-ACA5-CA9D195949AA}.Release|Any CPU.ActiveCfg = Release|Any CPU
		{A94A699E-2D35-4132-ACA5-CA9D195949AA}.Release|Any CPU.Build.0 = Release|Any CPU
		{EDF2AEE9-0F34-493A-BE41-234B999EFE72}.Debug|Any CPU.ActiveCfg = Debug|Any CPU
		{EDF2AEE9-0F34-493A-BE41-234B999EFE72}.Debug|Any CPU.Build.0 = Debug|Any CPU
		{EDF2AEE9-0F34-493A-BE41-234B999EFE72}.Release|Any CPU.ActiveCfg = Release|Any CPU
		{EDF2AEE9-0F34-493A-BE41-234B999EFE72}.Release|Any CPU.Build.0 = Release|Any CPU
		{3BC0D301-F7E5-44B9-9BC6-C4CF1E481760}.Debug|Any CPU.ActiveCfg = Debug|Any CPU
		{3BC0D301-F7E5-44B9-9BC6-C4CF1E481760}.Debug|Any CPU.Build.0 = Debug|Any CPU
		{3BC0D301-F7E5-44B9-9BC6-C4CF1E481760}.Release|Any CPU.ActiveCfg = Release|Any CPU
		{3BC0D301-F7E5-44B9-9BC6-C4CF1E481760}.Release|Any CPU.Build.0 = Release|Any CPU
	EndGlobalSection
EndGlobal
